
Microsoft Visual Studio Solution File, Format Version 11.00
# Visual Studio 2010
Project("{FAE04EC0-301F-11D3-BF4B-00C04F79EFBC}") = "FiboLinq", "FiboLinq.csproj", "{D3EB6D94-23E7-4E18-93FB-2A03487B58B7}"
EndProject
Global
	GlobalSection(SolutionConfigurationPlatforms) = preSolution
		Debug|Any CPU = Debug|Any CPU
		Release|Any CPU = Release|Any CPU
	EndGlobalSection
	GlobalSection(ProjectConfigurationPlatforms) = postSolution
		{D3EB6D94-23E7-4E18-93FB-2A03487B58B7}.Debug|Any CPU.ActiveCfg = Debug|Any CPU
		{D3EB6D94-23E7-4E18-93FB-2A03487B58B7}.Debug|Any CPU.Build.0 = Debug|Any CPU
		{D3EB6D94-23E7-4E18-93FB-2A03487B58B7}.Release|Any CPU.ActiveCfg = Release|Any CPU
		{D3EB6D94-23E7-4E18-93FB-2A03487B58B7}.Release|Any CPU.Build.0 = Release|Any CPU
	EndGlobalSection
	GlobalSection(MonoDevelopProperties) = preSolution
		StartupItem = FiboLinq.csproj
	EndGlobalSection
EndGlobal
